
Microsoft Visual Studio Solution File, Format Version 12.00
# Visual Studio Version 17
VisualStudioVersion = 17.8.34330.188
MinimumVisualStudioVersion = 10.0.40219.1
Project("{FAE04EC0-301F-11D3-BF4B-00C04F79EFBC}") = "3.3", "3.3.csproj", "{BA73C788-4C98-4DA4-BC92-1DB7E5991612}"
EndProject
Global
	GlobalSection(SolutionConfigurationPlatforms) = preSolution
		Debug|Any CPU = Debug|Any CPU
		Release|Any CPU = Release|Any CPU
	EndGlobalSection
	GlobalSection(ProjectConfigurationPlatforms) = postSolution
		{BA73C788-4C98-4DA4-BC92-1DB7E5991612}.Debug|Any CPU.ActiveCfg = Debug|Any CPU
		{BA73C788-4C98-4DA4-BC92-1DB7E5991612}.Debug|Any CPU.Build.0 = Debug|Any CPU
		{BA73C788-4C98-4DA4-BC92-1DB7E5991612}.Release|Any CPU.ActiveCfg = Release|Any CPU
		{BA73C788-4C98-4DA4-BC92-1DB7E5991612}.Release|Any CPU.Build.0 = Release|Any CPU
	EndGlobalSection
	GlobalSection(SolutionProperties) = preSolution
		HideSolutionNode = FALSE
	EndGlobalSection
	GlobalSection(ExtensibilityGlobals) = postSolution
		SolutionGuid = {E79FB66C-C7C9-41ED-A5B8-8DE3A3962B02}
	EndGlobalSection
EndGlobal
